
Microsoft Visual Studio Solution File, Format Version 12.00
# Visual Studio Version 16
VisualStudioVersion = 16.0.30503.244
MinimumVisualStudioVersion = 10.0.40219.1
Project("{FAE04EC0-301F-11D3-BF4B-00C04F79EFBC}") = "TraningCodeWars", "TraningCodeWars\TraningCodeWars.csproj", "{61A4006D-0524-4BBC-A646-ACFF110088D6}"
EndProject
Project("{FAE04EC0-301F-11D3-BF4B-00C04F79EFBC}") = "TraningCodeWars.Test", "NUnitTestTraningCodeWars\TraningCodeWars.Test.csproj", "{31CA80C0-51EA-489A-8805-C8E5357FCB97}"
EndProject
Global
	GlobalSection(SolutionConfigurationPlatforms) = preSolution
		Debug|Any CPU = Debug|Any CPU
		Release|Any CPU = Release|Any CPU
	EndGlobalSection
	GlobalSection(ProjectConfigurationPlatforms) = postSolution
		{61A4006D-0524-4BBC-A646-ACFF110088D6}.Debug|Any CPU.ActiveCfg = Debug|Any CPU
		{61A4006D-0524-4BBC-A646-ACFF110088D6}.Debug|Any CPU.Build.0 = Debug|Any CPU
		{61A4006D-0524-4BBC-A646-ACFF110088D6}.Release|Any CPU.ActiveCfg = Release|Any CPU
		{61A4006D-0524-4BBC-A646-ACFF110088D6}.Release|Any CPU.Build.0 = Release|Any CPU
		{31CA80C0-51EA-489A-8805-C8E5357FCB97}.Debug|Any CPU.ActiveCfg = Debug|Any CPU
		{31CA80C0-51EA-489A-8805-C8E5357FCB97}.Debug|Any CPU.Build.0 = Debug|Any CPU
		{31CA80C0-51EA-489A-8805-C8E5357FCB97}.Release|Any CPU.ActiveCfg = Release|Any CPU
		{31CA80C0-51EA-489A-8805-C8E5357FCB97}.Release|Any CPU.Build.0 = Release|Any CPU
	EndGlobalSection
	GlobalSection(SolutionProperties) = preSolution
		HideSolutionNode = FALSE
	EndGlobalSection
	GlobalSection(ExtensibilityGlobals) = postSolution
		SolutionGuid = {725BE344-239D-4AEB-8508-650014D97091}
	EndGlobalSection
EndGlobal
